// !$*UTF8*$!
{
	archiveVersion = 1;
	classes = {
	};
	objectVersion = 50;
	objects = {

/* Begin PBXBuildFile section */
		69769AE3251B79E700EBE406 /* AppDelegate.swift in Sources */ = {isa = PBXBuildFile; fileRef = 69769AE2251B79E700EBE406 /* AppDelegate.swift */; };
		69769AE5251B79E700EBE406 /* SceneDelegate.swift in Sources */ = {isa = PBXBuildFile; fileRef = 69769AE4251B79E700EBE406 /* SceneDelegate.swift */; };
		69769AE7251B79E700EBE406 /* ViewController.swift in Sources */ = {isa = PBXBuildFile; fileRef = 69769AE6251B79E700EBE406 /* ViewController.swift */; };
		69769AEA251B79E700EBE406 /* Main.storyboard in Resources */ = {isa = PBXBuildFile; fileRef = 69769AE8251B79E700EBE406 /* Main.storyboard */; };
		69769AEC251B79EA00EBE406 /* Assets.xcassets in Resources */ = {isa = PBXBuildFile; fileRef = 69769AEB251B79EA00EBE406 /* Assets.xcassets */; };
		69769AEF251B79EA00EBE406 /* LaunchScreen.storyboard in Resources */ = {isa = PBXBuildFile; fileRef = 69769AED251B79EA00EBE406 /* LaunchScreen.storyboard */; };
/* End PBXBuildFile section */

/* Begin PBXFileReference section */
		69769ADF251B79E700EBE406 /* JustChatting.app */ = {isa = PBXFileReference; explicitFileType = wrapper.application; includeInIndex = 0; path = JustChatting.app; sourceTree = BUILT_PRODUCTS_DIR; };
		69769AE2251B79E700EBE406 /* AppDelegate.swift */ = {isa = PBXFileReference; lastKnownFileType = sourcecode.swift; path = AppDelegate.swift; sourceTree = "<group>"; };
		69769AE4251B79E700EBE406 /* SceneDelegate.swift */ = {isa = PBXFileReference; lastKnownFileType = sourcecode.swift; path = SceneDelegate.swift; sourceTree = "<group>"; };
		69769AE6251B79E700EBE406 /* ViewController.swift */ = {isa = PBXFileReference; lastKnownFileType = sourcecode.swift; path = ViewController.swift; sourceTree = "<group>"; };
		69769AE9251B79E700EBE406 /* Base */ = {isa = PBXFileReference; lastKnownFileType = file.storyboard; name = Base; path = Base.lproj/Main.storyboard; sourceTree = "<group>"; };
		69769AEB251B79EA00EBE406 /* Assets.xcassets */ = {isa = PBXFileReference; lastKnownFileType = folder.assetcatalog; path = Assets.xcassets; sourceTree = "<group>"; };
		69769AEE251B79EA00EBE406 /* Base */ = {isa = PBXFileReference; lastKnownFileType = file.storyboard; name = Base; path = Base.lproj/LaunchScreen.storyboard; sourceTree = "<group>"; };
		69769AF0251B79EA00EBE406 /* Info.plist */ = {isa = PBXFileReference; lastKnownFileType = text.plist.xml; path = Info.plist; sourceTree = "<group>"; };
/* End PBXFileReference section */

/* Begin PBXFrameworksBuildPhase section */
		69769ADC251B79E700EBE406 /* Frameworks */ = {
			isa = PBXFrameworksBuildPhase;
			buildActionMask = 2147483647;
			files = (
			);
			runOnlyForDeploymentPostprocessing = 0;
		};
/* End PBXFrameworksBuildPhase section */

/* Begin PBXGroup section */
		69769AD6251B79E700EBE406 = {
			isa = PBXGroup;
			children = (
				69769AE1251B79E700EBE406 /* JustChatting */,
				69769AE0251B79E700EBE406 /* Products */,
			);
			sourceTree = "<group>";
		};
		69769AE0251B79E700EBE406 /* Products */ = {
			isa = PBXGroup;
			children = (
				69769ADF251B79E700EBE406 /* JustChatting.app */,
			);
			name = Products;
			sourceTree = "<group>";
		};
		69769AE1251B79E700EBE406 /* JustChatting */ = {
			isa = PBXGroup;
			children = (
				69769AE2251B79E700EBE406 /* AppDelegate.swift */,
				69769AE4251B79E700EBE406 /* SceneDelegate.swift */,
				69769AE6251B79E700EBE406 /* ViewController.swift */,
				69769AE8251B79E700EBE406 /* Main.storyboard */,
				69769AEB251B79EA00EBE406 /* Assets.xcassets */,
				69769AED251B79EA00EBE406 /* LaunchScreen.storyboard */,
				69769AF0251B79EA00EBE406 /* Info.plist */,
			);
			path = JustChatting;
			sourceTree = "<group>";
		};
/* End PBXGroup section */

/* Begin PBXNativeTarget section */
		69769ADE251B79E700EBE406 /* JustChatting */ = {
			isa = PBXNativeTarget;
			buildConfigurationList = 69769AF3251B79EA00EBE406 /* Build configuration list for PBXNativeTarget "JustChatting" */;
			buildPhases = (
				69769ADB251B79E700EBE406 /* Sources */,
				69769ADC251B79E700EBE406 /* Frameworks */,
				69769ADD251B79E700EBE406 /* Resources */,
			);
			buildRules = (
			);
			dependencies = (
			);
			name = JustChatting;
			productName = JustChatting;
			productReference = 69769ADF251B79E700EBE406 /* JustChatting.app */;
			productType = "com.apple.product-type.application";
		};
/* End PBXNativeTarget section */

/* Begin PBXProject section */
		69769AD7251B79E700EBE406 /* Project object */ = {
			isa = PBXProject;
			attributes = {
				LastSwiftUpdateCheck = 1170;
				LastUpgradeCheck = 1170;
				ORGANIZATIONNAME = "Mateusz Uszyński";
				TargetAttributes = {
					69769ADE251B79E700EBE406 = {
						CreatedOnToolsVersion = 11.7;
					};
				};
			};
			buildConfigurationList = 69769ADA251B79E700EBE406 /* Build configuration list for PBXProject "JustChatting" */;
			compatibilityVersion = "Xcode 9.3";
			developmentRegion = en;
			hasScannedForEncodings = 0;
			knownRegions = (
				en,
				Base,
			);
			mainGroup = 69769AD6251B79E700EBE406;
			productRefGroup = 69769AE0251B79E700EBE406 /* Products */;
			projectDirPath = "";
			projectRoot = "";
			targets = (
				69769ADE251B79E700EBE406 /* JustChatting */,
			);
		};
/* End PBXProject section */

/* Begin PBXResourcesBuildPhase section */
		69769ADD251B79E700EBE406 /* Resources */ = {
			isa = PBXResourcesBuildPhase;
			buildActionMask = 2147483647;
			files = (
				69769AEF251B79EA00EBE406 /* LaunchScreen.storyboard in Resources */,
				69769AEC251B79EA00EBE406 /* Assets.xcassets in Resources */,
				69769AEA251B79E700EBE406 /* Main.storyboard in Resources */,
			);
			runOnlyForDeploymentPostprocessing = 0;
		};
/* End PBXResourcesBuildPhase section */

/* Begin PBXSourcesBuildPhase section */
		69769ADB251B79E700EBE406 /* Sources */ = {
			isa = PBXSourcesBuildPhase;
			buildActionMask = 2147483647;
			files = (
				69769AE7251B79E700EBE406 /* ViewController.swift in Sources */,
				69769AE3251B79E700EBE406 /* AppDelegate.swift in Sources */,
				69769AE5251B79E700EBE406 /* SceneDelegate.swift in Sources */,
			);
			runOnlyForDeploymentPostprocessing = 0;
		};
/* End PBXSourcesBuildPhase section */

/* Begin PBXVariantGroup section */
		69769AE8251B79E700EBE406 /* Main.storyboard */ = {
			isa = PBXVariantGroup;
			children = (
				69769AE9251B79E700EBE406 /* Base */,
			);
			name = Main.storyboard;
			sourceTree = "<group>";
		};
		69769AED251B79EA00EBE406 /* LaunchScreen.storyboard */ = {
			isa = PBXVariantGroup;
			children = (
				69769AEE251B79EA00EBE406 /* Base */,
			);
			name = LaunchScreen.storyboard;
			sourceTree = "<group>";
		};
/* End PBXVariantGroup section */

/* Begin XCBuildConfiguration section */
		69769AF1251B79EA00EBE406 /* Debug */ = {
			isa = XCBuildConfiguration;
			buildSettings = {
				ALWAYS_SEARCH_USER_PATHS = NO;
				CLANG_ANALYZER_NONNULL = YES;
				CLANG_ANALYZER_NUMBER_OBJECT_CONVERSION = YES_AGGRESSIVE;
				CLANG_CXX_LANGUAGE_STANDARD = "gnu++14";
				CLANG_CXX_LIBRARY = "libc++";
				CLANG_ENABLE_MODULES = YES;
				CLANG_ENABLE_OBJC_ARC = YES;
				CLANG_ENABLE_OBJC_WEAK = YES;
				CLANG_WARN_BLOCK_CAPTURE_AUTORELEASING = YES;
				CLANG_WARN_BOOL_CONVERSION = YES;
				CLANG_WARN_COMMA = YES;
				CLANG_WARN_CONSTANT_CONVERSION = YES;
				CLANG_WARN_DEPRECATED_OBJC_IMPLEMENTATIONS = YES;
				CLANG_WARN_DIRECT_OBJC_ISA_USAGE = YES_ERROR;
				CLANG_WARN_DOCUMENTATION_COMMENTS = YES;
				CLANG_WARN_EMPTY_BODY = YES;
				CLANG_WARN_ENUM_CONVERSION = YES;
				CLANG_WARN_INFINITE_RECURSION = YES;
				CLANG_WARN_INT_CONVERSION = YES;
				CLANG_WARN_NON_LITERAL_NULL_CONVERSION = YES;
				CLANG_WARN_OBJC_IMPLICIT_RETAIN_SELF = YES;
				CLANG_WARN_OBJC_LITERAL_CONVERSION = YES;
				CLANG_WARN_OBJC_ROOT_CLASS = YES_ERROR;
				CLANG_WARN_RANGE_LOOP_ANALYSIS = YES;
				CLANG_WARN_STRICT_PROTOTYPES = YES;
				CLANG_WARN_SUSPICIOUS_MOVE = YES;
				CLANG_WARN_UNGUARDED_AVAILABILITY = YES_AGGRESSIVE;
				CLANG_WARN_UNREACHABLE_CODE = YES;
				CLANG_WARN__DUPLICATE_METHOD_MATCH = YES;
				COPY_PHASE_STRIP = NO;
				DEBUG_INFORMATION_FORMAT = dwarf;
				ENABLE_STRICT_OBJC_MSGSEND = YES;
				ENABLE_TESTABILITY = YES;
				GCC_C_LANGUAGE_STANDARD = gnu11;
				GCC_DYNAMIC_NO_PIC = NO;
				GCC_NO_COMMON_BLOCKS = YES;
				GCC_OPTIMIZATION_LEVEL = 0;
				GCC_PREPROCESSOR_DEFINITIONS = (
					"DEBUG=1",
					"$(inherited)",
				);
				GCC_WARN_64_TO_32_BIT_CONVERSION = YES;
				GCC_WARN_ABOUT_RETURN_TYPE = YES_ERROR;
				GCC_WARN_UNDECLARED_SELECTOR = YES;
				GCC_WARN_UNINITIALIZED_AUTOS = YES_AGGRESSIVE;
				GCC_WARN_UNUSED_FUNCTION = YES;
				GCC_WARN_UNUSED_VARIABLE = YES;
				IPHONEOS_DEPLOYMENT_TARGET = 13.7;
				MTL_ENABLE_DEBUG_INFO = INCLUDE_SOURCE;
				MTL_FAST_MATH = YES;
				ONLY_ACTIVE_ARCH = YES;
				SDKROOT = iphoneos;
				SWIFT_ACTIVE_COMPILATION_CONDITIONS = DEBUG;
				SWIFT_OPTIMIZATION_LEVEL = "-Onone";
			};
			name = Debug;
		};
		69769AF2251B79EA00EBE406 /* Release */ = {
			isa = XCBuildConfiguration;
			buildSettings = {
				ALWAYS_SEARCH_USER_PATHS = NO;
				CLANG_ANALYZER_NONNULL = YES;
				CLANG_ANALYZER_NUMBER_OBJECT_CONVERSION = YES_AGGRESSIVE;
				CLANG_CXX_LANGUAGE_STANDARD = "gnu++14";
				CLANG_CXX_LIBRARY = "libc++";
				CLANG_ENABLE_MODULES = YES;
				CLANG_ENABLE_OBJC_ARC = YES;
				CLANG_ENABLE_OBJC_WEAK = YES;
				CLANG_WARN_BLOCK_CAPTURE_AUTORELEASING = YES;
				CLANG_WARN_BOOL_CONVERSION = YES;
				CLANG_WARN_COMMA = YES;
				CLANG_WARN_CONSTANT_CONVERSION = YES;
				CLANG_WARN_DEPRECATED_OBJC_IMPLEMENTATIONS = YES;
				CLANG_WARN_DIRECT_OBJC_ISA_USAGE = YES_ERROR;
				CLANG_WARN_DOCUMENTATION_COMMENTS = YES;
				CLANG_WARN_EMPTY_BODY = YES;
				CLANG_WARN_ENUM_CONVERSION = YES;
				CLANG_WARN_INFINITE_RECURSION = YES;
				CLANG_WARN_INT_CONVERSION = YES;
				CLANG_WARN_NON_LITERAL_NULL_CONVERSION = YES;
				CLANG_WARN_OBJC_IMPLICIT_RETAIN_SELF = YES;
				CLANG_WARN_OBJC_LITERAL_CONVERSION = YES;
				CLANG_WARN_OBJC_ROOT_CLASS = YES_ERROR;
				CLANG_WARN_RANGE_LOOP_ANALYSIS = YES;
				CLANG_WARN_STRICT_PROTOTYPES = YES;
				CLANG_WARN_SUSPICIOUS_MOVE = YES;
				CLANG_WARN_UNGUARDED_AVAILABILITY = YES_AGGRESSIVE;
				CLANG_WARN_UNREACHABLE_CODE = YES;
				CLANG_WARN__DUPLICATE_METHOD_MATCH = YES;
				COPY_PHASE_STRIP = NO;
				DEBUG_INFORMATION_FORMAT = "dwarf-with-dsym";
				ENABLE_NS_ASSERTIONS = NO;
				ENABLE_STRICT_OBJC_MSGSEND = YES;
				GCC_C_LANGUAGE_STANDARD = gnu11;
				GCC_NO_COMMON_BLOCKS = YES;
				GCC_WARN_64_TO_32_BIT_CONVERSION = YES;
				GCC_WARN_ABOUT_RETURN_TYPE = YES_ERROR;
				GCC_WARN_UNDECLARED_SELECTOR = YES;
				GCC_WARN_UNINITIALIZED_AUTOS = YES_AGGRESSIVE;
				GCC_WARN_UNUSED_FUNCTION = YES;
				GCC_WARN_UNUSED_VARIABLE = YES;
				IPHONEOS_DEPLOYMENT_TARGET = 13.7;
				MTL_ENABLE_DEBUG_INFO = NO;
				MTL_FAST_MATH = YES;
				SDKROOT = iphoneos;
				SWIFT_COMPILATION_MODE = wholemodule;
				SWIFT_OPTIMIZATION_LEVEL = "-O";
				VALIDATE_PRODUCT = YES;
			};
			name = Release;
		};
		69769AF4251B79EA00EBE406 /* Debug */ = {
			isa = XCBuildConfiguration;
			buildSettings = {
				ASSETCATALOG_COMPILER_APPICON_NAME = AppIcon;
				CODE_SIGN_STYLE = Automatic;
				DEVELOPMENT_TEAM = 527W4K2LG5;
				INFOPLIST_FILE = JustChatting/Info.plist;
				LD_RUNPATH_SEARCH_PATHS = (
					"$(inherited)",
					"@executable_path/Frameworks",
				);
				PRODUCT_BUNDLE_IDENTIFIER = uszynskimateusz.JustChatting;
				PRODUCT_NAME = "$(TARGET_NAME)";
				SWIFT_VERSION = 5.0;
				TARGETED_DEVICE_FAMILY = "1,2";
			};
			name = Debug;
		};
		69769AF5251B79EA00EBE406 /* Release */ = {
			isa = XCBuildConfiguration;
			buildSettings = {
				ASSETCATALOG_COMPILER_APPICON_NAME = AppIcon;
				CODE_SIGN_STYLE = Automatic;
				DEVELOPMENT_TEAM = 527W4K2LG5;
				INFOPLIST_FILE = JustChatting/Info.plist;
				LD_RUNPATH_SEARCH_PATHS = (
					"$(inherited)",
					"@executable_path/Frameworks",
				);
				PRODUCT_BUNDLE_IDENTIFIER = uszynskimateusz.JustChatting;
				PRODUCT_NAME = "$(TARGET_NAME)";
				SWIFT_VERSION = 5.0;
				TARGETED_DEVICE_FAMILY = "1,2";
			};
			name = Release;
		};
/* End XCBuildConfiguration section */

/* Begin XCConfigurationList section */
		69769ADA251B79E700EBE406 /* Build configuration list for PBXProject "JustChatting" */ = {
			isa = XCConfigurationList;
			buildConfigurations = (
				69769AF1251B79EA00EBE406 /* Debug */,
				69769AF2251B79EA00EBE406 /* Release */,
			);
			defaultConfigurationIsVisible = 0;
			defaultConfigurationName = Release;
		};
		69769AF3251B79EA00EBE406 /* Build configuration list for PBXNativeTarget "JustChatting" */ = {
			isa = XCConfigurationList;
			buildConfigurations = (
				69769AF4251B79EA00EBE406 /* Debug */,
				69769AF5251B79EA00EBE406 /* Release */,
			);
			defaultConfigurationIsVisible = 0;
			defaultConfigurationName = Release;
		};
/* End XCConfigurationList section */
	};
	rootObject = 69769AD7251B79E700EBE406 /* Project object */;
}
